
Microsoft Visual Studio Solution File, Format Version 12.00
# Visual Studio Version 17
VisualStudioVersion = 17.10.35013.160
MinimumVisualStudioVersion = 10.0.40219.1
Project("{9A19103F-16F7-4668-BE54-9A1E7A4F7556}") = "Assignment_Task", "Assignment_Task\Assignment_Task.csproj", "{3720E769-CE88-4C5A-B595-AE252DB3EB43}"
EndProject
Global
	GlobalSection(SolutionConfigurationPlatforms) = preSolution
		Debug|Any CPU = Debug|Any CPU
		Release|Any CPU = Release|Any CPU
	EndGlobalSection
	GlobalSection(ProjectConfigurationPlatforms) = postSolution
		{3720E769-CE88-4C5A-B595-AE252DB3EB43}.Debug|Any CPU.ActiveCfg = Debug|Any CPU
		{3720E769-CE88-4C5A-B595-AE252DB3EB43}.Debug|Any CPU.Build.0 = Debug|Any CPU
		{3720E769-CE88-4C5A-B595-AE252DB3EB43}.Release|Any CPU.ActiveCfg = Release|Any CPU
		{3720E769-CE88-4C5A-B595-AE252DB3EB43}.Release|Any CPU.Build.0 = Release|Any CPU
	EndGlobalSection
	GlobalSection(SolutionProperties) = preSolution
		HideSolutionNode = FALSE
	EndGlobalSection
	GlobalSection(ExtensibilityGlobals) = postSolution
		SolutionGuid = {EF825573-3ED6-451A-B120-80EF55DDC11C}
	EndGlobalSection
EndGlobal
